
Microsoft Visual Studio Solution File, Format Version 12.00
# Visual Studio Version 17
VisualStudioVersion = 17.1.32319.34
MinimumVisualStudioVersion = 10.0.40219.1
Project("{FAE04EC0-301F-11D3-BF4B-00C04F79EFBC}") = "IISBsuirWPF", "IISBsuirWPF\IISBsuirWPF.csproj", "{9F9D340A-9CC1-4759-967E-AD610CA7A923}"
EndProject
Project("{FAE04EC0-301F-11D3-BF4B-00C04F79EFBC}") = "IISHelper", "IISHelper\IISHelper.csproj", "{4CC0BFA8-02B1-4463-AE81-A02E05AD1EEA}"
EndProject
Project("{FAE04EC0-301F-11D3-BF4B-00C04F79EFBC}") = "IISBsuir.TestConsole", "IISBsuir.TestConsole\IISBsuir.TestConsole.csproj", "{B2501339-19A8-491D-B5F5-F88436F166EC}"
EndProject
Global
	GlobalSection(SolutionConfigurationPlatforms) = preSolution
		Debug|Any CPU = Debug|Any CPU
		Release|Any CPU = Release|Any CPU
	EndGlobalSection
	GlobalSection(ProjectConfigurationPlatforms) = postSolution
		{9F9D340A-9CC1-4759-967E-AD610CA7A923}.Debug|Any CPU.ActiveCfg = Debug|Any CPU
		{9F9D340A-9CC1-4759-967E-AD610CA7A923}.Debug|Any CPU.Build.0 = Debug|Any CPU
		{9F9D340A-9CC1-4759-967E-AD610CA7A923}.Release|Any CPU.ActiveCfg = Release|Any CPU
		{9F9D340A-9CC1-4759-967E-AD610CA7A923}.Release|Any CPU.Build.0 = Release|Any CPU
		{4CC0BFA8-02B1-4463-AE81-A02E05AD1EEA}.Debug|Any CPU.ActiveCfg = Debug|Any CPU
		{4CC0BFA8-02B1-4463-AE81-A02E05AD1EEA}.Debug|Any CPU.Build.0 = Debug|Any CPU
		{4CC0BFA8-02B1-4463-AE81-A02E05AD1EEA}.Release|Any CPU.ActiveCfg = Release|Any CPU
		{4CC0BFA8-02B1-4463-AE81-A02E05AD1EEA}.Release|Any CPU.Build.0 = Release|Any CPU
		{B2501339-19A8-491D-B5F5-F88436F166EC}.Debug|Any CPU.ActiveCfg = Debug|Any CPU
		{B2501339-19A8-491D-B5F5-F88436F166EC}.Debug|Any CPU.Build.0 = Debug|Any CPU
		{B2501339-19A8-491D-B5F5-F88436F166EC}.Release|Any CPU.ActiveCfg = Release|Any CPU
		{B2501339-19A8-491D-B5F5-F88436F166EC}.Release|Any CPU.Build.0 = Release|Any CPU
	EndGlobalSection
	GlobalSection(SolutionProperties) = preSolution
		HideSolutionNode = FALSE
	EndGlobalSection
	GlobalSection(ExtensibilityGlobals) = postSolution
		SolutionGuid = {A0316D31-AFEF-4FB6-B45D-A3AA7CD5CD1F}
	EndGlobalSection
EndGlobal
